
Microsoft Visual Studio Solution File, Format Version 12.00
# Visual Studio 15
VisualStudioVersion = 15.0.28307.329
MinimumVisualStudioVersion = 10.0.40219.1
Project("{FAE04EC0-301F-11D3-BF4B-00C04F79EFBC}") = "Wirelec WCF", "Wirelec WCF\Wirelec WCF.csproj", "{828190E8-D702-45B1-ACCE-E2D673E45F51}"
EndProject
Global
	GlobalSection(SolutionConfigurationPlatforms) = preSolution
		Debug|Any CPU = Debug|Any CPU
		Release|Any CPU = Release|Any CPU
	EndGlobalSection
	GlobalSection(ProjectConfigurationPlatforms) = postSolution
		{828190E8-D702-45B1-ACCE-E2D673E45F51}.Debug|Any CPU.ActiveCfg = Debug|Any CPU
		{828190E8-D702-45B1-ACCE-E2D673E45F51}.Debug|Any CPU.Build.0 = Debug|Any CPU
		{828190E8-D702-45B1-ACCE-E2D673E45F51}.Release|Any CPU.ActiveCfg = Release|Any CPU
		{828190E8-D702-45B1-ACCE-E2D673E45F51}.Release|Any CPU.Build.0 = Release|Any CPU
	EndGlobalSection
	GlobalSection(SolutionProperties) = preSolution
		HideSolutionNode = FALSE
	EndGlobalSection
	GlobalSection(ExtensibilityGlobals) = postSolution
		SolutionGuid = {187B0851-8139-4074-A0A9-F8B60AC67A9D}
	EndGlobalSection
EndGlobal
