
Microsoft Visual Studio Solution File, Format Version 12.00
# Visual Studio 15
VisualStudioVersion = 15.0.28010.0
MinimumVisualStudioVersion = 10.0.40219.1
Project("{FAE04EC0-301F-11D3-BF4B-00C04F79EFBC}") = "WirelecWCFService", "WirelecWCFService\WirelecWCFService.csproj", "{2418A81F-4BE3-447B-89E4-CCB57D8ECCF4}"
EndProject
Global
	GlobalSection(SolutionConfigurationPlatforms) = preSolution
		Debug|Any CPU = Debug|Any CPU
		Release|Any CPU = Release|Any CPU
	EndGlobalSection
	GlobalSection(ProjectConfigurationPlatforms) = postSolution
		{2418A81F-4BE3-447B-89E4-CCB57D8ECCF4}.Debug|Any CPU.ActiveCfg = Debug|Any CPU
		{2418A81F-4BE3-447B-89E4-CCB57D8ECCF4}.Debug|Any CPU.Build.0 = Debug|Any CPU
		{2418A81F-4BE3-447B-89E4-CCB57D8ECCF4}.Release|Any CPU.ActiveCfg = Release|Any CPU
		{2418A81F-4BE3-447B-89E4-CCB57D8ECCF4}.Release|Any CPU.Build.0 = Release|Any CPU
	EndGlobalSection
	GlobalSection(SolutionProperties) = preSolution
		HideSolutionNode = FALSE
	EndGlobalSection
	GlobalSection(ExtensibilityGlobals) = postSolution
		SolutionGuid = {C62E37AD-BA6A-4893-A784-509872104012}
	EndGlobalSection
EndGlobal
