
Microsoft Visual Studio Solution File, Format Version 12.00
# Visual Studio 15
VisualStudioVersion = 15.0.28010.2026
MinimumVisualStudioVersion = 10.0.40219.1
Project("{FAE04EC0-301F-11D3-BF4B-00C04F79EFBC}") = "TYPPrototype", "TYPPrototype\TYPPrototype.csproj", "{56AB67F7-3702-4167-87F6-06C7396AED0E}"
EndProject
Global
	GlobalSection(SolutionConfigurationPlatforms) = preSolution
		Debug|Any CPU = Debug|Any CPU
		Release|Any CPU = Release|Any CPU
	EndGlobalSection
	GlobalSection(ProjectConfigurationPlatforms) = postSolution
		{56AB67F7-3702-4167-87F6-06C7396AED0E}.Debug|Any CPU.ActiveCfg = Debug|Any CPU
		{56AB67F7-3702-4167-87F6-06C7396AED0E}.Debug|Any CPU.Build.0 = Debug|Any CPU
		{56AB67F7-3702-4167-87F6-06C7396AED0E}.Release|Any CPU.ActiveCfg = Release|Any CPU
		{56AB67F7-3702-4167-87F6-06C7396AED0E}.Release|Any CPU.Build.0 = Release|Any CPU
	EndGlobalSection
	GlobalSection(SolutionProperties) = preSolution
		HideSolutionNode = FALSE
	EndGlobalSection
	GlobalSection(ExtensibilityGlobals) = postSolution
		SolutionGuid = {E48D8B46-8B2B-4397-B9BB-A46EC99FD086}
	EndGlobalSection
EndGlobal
